
Microsoft Visual Studio Solution File, Format Version 12.00
# Visual Studio Version 16
VisualStudioVersion = 16.0.30907.101
MinimumVisualStudioVersion = 10.0.40219.1
Project("{9A19103F-16F7-4668-BE54-9A1E7A4F7556}") = "DataAccess", "DataAccess\DataAccess.csproj", "{8B1D871E-E42A-488E-ADFA-CA1F3DEE4026}"
EndProject
Project("{9A19103F-16F7-4668-BE54-9A1E7A4F7556}") = "Entities", "Entities\Entities.csproj", "{08047A5F-D45D-4BFF-B3B4-7724D9EA661E}"
EndProject
Project("{9A19103F-16F7-4668-BE54-9A1E7A4F7556}") = "Business", "Business\Business.csproj", "{F101C2DB-EF1F-47C1-8022-996EC13AC792}"
EndProject
Project("{9A19103F-16F7-4668-BE54-9A1E7A4F7556}") = "WebUI", "WebUI\WebUI.csproj", "{3370D95F-C2CB-47B9-B0CB-08AFF5125B29}"
EndProject
Project("{2150E333-8FDC-42A3-9474-1A3956D46DE8}") = "wwwroot", "wwwroot", "{CB4F1FB8-581E-44CA-8A80-268EB4A1EDB3}"
EndProject
Project("{2150E333-8FDC-42A3-9474-1A3956D46DE8}") = "css", "css", "{E7823BA3-F3D3-4C7D-8A29-9524A44AE731}"
	ProjectSection(SolutionItems) = preProject
		style.css = style.css
	EndProjectSection
EndProject
Project("{2150E333-8FDC-42A3-9474-1A3956D46DE8}") = "js", "js", "{C1DCB6A1-A730-47A1-AA99-B74E7F65273C}"
	ProjectSection(SolutionItems) = preProject
		script.js = script.js
	EndProjectSection
EndProject
Project("{2150E333-8FDC-42A3-9474-1A3956D46DE8}") = "img", "img", "{5A456DD9-5D7D-409C-868B-B7FB1B532949}"
EndProject
Global
	GlobalSection(SolutionConfigurationPlatforms) = preSolution
		Debug|Any CPU = Debug|Any CPU
		Release|Any CPU = Release|Any CPU
	EndGlobalSection
	GlobalSection(ProjectConfigurationPlatforms) = postSolution
		{8B1D871E-E42A-488E-ADFA-CA1F3DEE4026}.Debug|Any CPU.ActiveCfg = Debug|Any CPU
		{8B1D871E-E42A-488E-ADFA-CA1F3DEE4026}.Debug|Any CPU.Build.0 = Debug|Any CPU
		{8B1D871E-E42A-488E-ADFA-CA1F3DEE4026}.Release|Any CPU.ActiveCfg = Release|Any CPU
		{8B1D871E-E42A-488E-ADFA-CA1F3DEE4026}.Release|Any CPU.Build.0 = Release|Any CPU
		{08047A5F-D45D-4BFF-B3B4-7724D9EA661E}.Debug|Any CPU.ActiveCfg = Debug|Any CPU
		{08047A5F-D45D-4BFF-B3B4-7724D9EA661E}.Debug|Any CPU.Build.0 = Debug|Any CPU
		{08047A5F-D45D-4BFF-B3B4-7724D9EA661E}.Release|Any CPU.ActiveCfg = Release|Any CPU
		{08047A5F-D45D-4BFF-B3B4-7724D9EA661E}.Release|Any CPU.Build.0 = Release|Any CPU
		{F101C2DB-EF1F-47C1-8022-996EC13AC792}.Debug|Any CPU.ActiveCfg = Debug|Any CPU
		{F101C2DB-EF1F-47C1-8022-996EC13AC792}.Debug|Any CPU.Build.0 = Debug|Any CPU
		{F101C2DB-EF1F-47C1-8022-996EC13AC792}.Release|Any CPU.ActiveCfg = Release|Any CPU
		{F101C2DB-EF1F-47C1-8022-996EC13AC792}.Release|Any CPU.Build.0 = Release|Any CPU
		{3370D95F-C2CB-47B9-B0CB-08AFF5125B29}.Debug|Any CPU.ActiveCfg = Debug|Any CPU
		{3370D95F-C2CB-47B9-B0CB-08AFF5125B29}.Debug|Any CPU.Build.0 = Debug|Any CPU
		{3370D95F-C2CB-47B9-B0CB-08AFF5125B29}.Release|Any CPU.ActiveCfg = Release|Any CPU
		{3370D95F-C2CB-47B9-B0CB-08AFF5125B29}.Release|Any CPU.Build.0 = Release|Any CPU
	EndGlobalSection
	GlobalSection(SolutionProperties) = preSolution
		HideSolutionNode = FALSE
	EndGlobalSection
	GlobalSection(NestedProjects) = preSolution
		{E7823BA3-F3D3-4C7D-8A29-9524A44AE731} = {CB4F1FB8-581E-44CA-8A80-268EB4A1EDB3}
		{C1DCB6A1-A730-47A1-AA99-B74E7F65273C} = {CB4F1FB8-581E-44CA-8A80-268EB4A1EDB3}
		{5A456DD9-5D7D-409C-868B-B7FB1B532949} = {CB4F1FB8-581E-44CA-8A80-268EB4A1EDB3}
	EndGlobalSection
	GlobalSection(ExtensibilityGlobals) = postSolution
		SolutionGuid = {396A5C4D-6CAE-4C5C-A233-173B52E0ABAA}
	EndGlobalSection
EndGlobal
