
Microsoft Visual Studio Solution File, Format Version 12.00
# Visual Studio Version 16
VisualStudioVersion = 16.0.30907.101
MinimumVisualStudioVersion = 10.0.40219.1
Project("{9A19103F-16F7-4668-BE54-9A1E7A4F7556}") = "DataAccess", "DataAccess\DataAccess.csproj", "{8B1D871E-E42A-488E-ADFA-CA1F3DEE4026}"
EndProject
Project("{9A19103F-16F7-4668-BE54-9A1E7A4F7556}") = "Entities", "Entities\Entities.csproj", "{08047A5F-D45D-4BFF-B3B4-7724D9EA661E}"
EndProject
Project("{9A19103F-16F7-4668-BE54-9A1E7A4F7556}") = "Business", "Business\Business.csproj", "{F101C2DB-EF1F-47C1-8022-996EC13AC792}"
EndProject
Project("{9A19103F-16F7-4668-BE54-9A1E7A4F7556}") = "WebUI", "WebUI\WebUI.csproj", "{3370D95F-C2CB-47B9-B0CB-08AFF5125B29}"
EndProject
Global
	GlobalSection(SolutionConfigurationPlatforms) = preSolution
		Debug|Any CPU = Debug|Any CPU
		Release|Any CPU = Release|Any CPU
	EndGlobalSection
	GlobalSection(ProjectConfigurationPlatforms) = postSolution
		{8B1D871E-E42A-488E-ADFA-CA1F3DEE4026}.Debug|Any CPU.ActiveCfg = Debug|Any CPU
		{8B1D871E-E42A-488E-ADFA-CA1F3DEE4026}.Debug|Any CPU.Build.0 = Debug|Any CPU
		{8B1D871E-E42A-488E-ADFA-CA1F3DEE4026}.Release|Any CPU.ActiveCfg = Release|Any CPU
		{8B1D871E-E42A-488E-ADFA-CA1F3DEE4026}.Release|Any CPU.Build.0 = Release|Any CPU
		{08047A5F-D45D-4BFF-B3B4-7724D9EA661E}.Debug|Any CPU.ActiveCfg = Debug|Any CPU
		{08047A5F-D45D-4BFF-B3B4-7724D9EA661E}.Debug|Any CPU.Build.0 = Debug|Any CPU
		{08047A5F-D45D-4BFF-B3B4-7724D9EA661E}.Release|Any CPU.ActiveCfg = Release|Any CPU
		{08047A5F-D45D-4BFF-B3B4-7724D9EA661E}.Release|Any CPU.Build.0 = Release|Any CPU
		{F101C2DB-EF1F-47C1-8022-996EC13AC792}.Debug|Any CPU.ActiveCfg = Debug|Any CPU
		{F101C2DB-EF1F-47C1-8022-996EC13AC792}.Debug|Any CPU.Build.0 = Debug|Any CPU
		{F101C2DB-EF1F-47C1-8022-996EC13AC792}.Release|Any CPU.ActiveCfg = Release|Any CPU
		{F101C2DB-EF1F-47C1-8022-996EC13AC792}.Release|Any CPU.Build.0 = Release|Any CPU
		{3370D95F-C2CB-47B9-B0CB-08AFF5125B29}.Debug|Any CPU.ActiveCfg = Debug|Any CPU
		{3370D95F-C2CB-47B9-B0CB-08AFF5125B29}.Debug|Any CPU.Build.0 = Debug|Any CPU
		{3370D95F-C2CB-47B9-B0CB-08AFF5125B29}.Release|Any CPU.ActiveCfg = Release|Any CPU
		{3370D95F-C2CB-47B9-B0CB-08AFF5125B29}.Release|Any CPU.Build.0 = Release|Any CPU
	EndGlobalSection
	GlobalSection(SolutionProperties) = preSolution
		HideSolutionNode = FALSE
	EndGlobalSection
	GlobalSection(ExtensibilityGlobals) = postSolution
		SolutionGuid = {396A5C4D-6CAE-4C5C-A233-173B52E0ABAA}
	EndGlobalSection
EndGlobal
